
Microsoft Visual Studio Solution File, Format Version 12.00
# Visual Studio Version 17
VisualStudioVersion = 17.14.36603.0 d17.14
MinimumVisualStudioVersion = 10.0.40219.1
Project("{FAE04EC0-301F-11D3-BF4B-00C04F79EFBC}") = "Ejercicio1_Models", "Ejercicio1_Models\Ejercicio1_Models.csproj", "{08CFBF6E-7F9F-43D0-8180-DF1421D11D0F}"
EndProject
Project("{FAE04EC0-301F-11D3-BF4B-00C04F79EFBC}") = "Ejercicio2_DesktopApp", "Ejercicio2_DesktopApp\Ejercicio2_DesktopApp.csproj", "{27F63664-150C-4061-9031-A96E0AE30153}"
EndProject
Project("{FAE04EC0-301F-11D3-BF4B-00C04F79EFBC}") = "Ejercicio3_WebApiApp", "Ejercicio3_WebApiApp\Ejercicio3_WebApiApp.csproj", "{0E6C73DC-B154-469E-A51C-DC752E0E9DE5}"
EndProject
Global
	GlobalSection(SolutionConfigurationPlatforms) = preSolution
		Debug|Any CPU = Debug|Any CPU
		Release|Any CPU = Release|Any CPU
	EndGlobalSection
	GlobalSection(ProjectConfigurationPlatforms) = postSolution
		{08CFBF6E-7F9F-43D0-8180-DF1421D11D0F}.Debug|Any CPU.ActiveCfg = Debug|Any CPU
		{08CFBF6E-7F9F-43D0-8180-DF1421D11D0F}.Debug|Any CPU.Build.0 = Debug|Any CPU
		{08CFBF6E-7F9F-43D0-8180-DF1421D11D0F}.Release|Any CPU.ActiveCfg = Release|Any CPU
		{08CFBF6E-7F9F-43D0-8180-DF1421D11D0F}.Release|Any CPU.Build.0 = Release|Any CPU
		{27F63664-150C-4061-9031-A96E0AE30153}.Debug|Any CPU.ActiveCfg = Debug|Any CPU
		{27F63664-150C-4061-9031-A96E0AE30153}.Debug|Any CPU.Build.0 = Debug|Any CPU
		{27F63664-150C-4061-9031-A96E0AE30153}.Release|Any CPU.ActiveCfg = Release|Any CPU
		{27F63664-150C-4061-9031-A96E0AE30153}.Release|Any CPU.Build.0 = Release|Any CPU
		{0E6C73DC-B154-469E-A51C-DC752E0E9DE5}.Debug|Any CPU.ActiveCfg = Debug|Any CPU
		{0E6C73DC-B154-469E-A51C-DC752E0E9DE5}.Debug|Any CPU.Build.0 = Debug|Any CPU
		{0E6C73DC-B154-469E-A51C-DC752E0E9DE5}.Release|Any CPU.ActiveCfg = Release|Any CPU
		{0E6C73DC-B154-469E-A51C-DC752E0E9DE5}.Release|Any CPU.Build.0 = Release|Any CPU
	EndGlobalSection
	GlobalSection(SolutionProperties) = preSolution
		HideSolutionNode = FALSE
	EndGlobalSection
	GlobalSection(ExtensibilityGlobals) = postSolution
		SolutionGuid = {EE52BFD3-A68F-40DB-8091-C1E047153F08}
	EndGlobalSection
EndGlobal
